
Microsoft Visual Studio Solution File, Format Version 12.00
# Visual Studio Version 16
VisualStudioVersion = 16.0.29409.12
MinimumVisualStudioVersion = 10.0.40219.1
Project("{FAE04EC0-301F-11D3-BF4B-00C04F79EFBC}") = "MyFullConsole", "MyFullConsole.csproj", "{ECD94E7D-8FCC-486F-9900-963BE8A71DBD}"
EndProject
Global
	GlobalSection(SolutionConfigurationPlatforms) = preSolution
		Debug|Any CPU = Debug|Any CPU
		Release|Any CPU = Release|Any CPU
	EndGlobalSection
	GlobalSection(ProjectConfigurationPlatforms) = postSolution
		{ECD94E7D-8FCC-486F-9900-963BE8A71DBD}.Debug|Any CPU.ActiveCfg = Debug|Any CPU
		{ECD94E7D-8FCC-486F-9900-963BE8A71DBD}.Debug|Any CPU.Build.0 = Debug|Any CPU
		{ECD94E7D-8FCC-486F-9900-963BE8A71DBD}.Release|Any CPU.ActiveCfg = Release|Any CPU
		{ECD94E7D-8FCC-486F-9900-963BE8A71DBD}.Release|Any CPU.Build.0 = Release|Any CPU
	EndGlobalSection
	GlobalSection(SolutionProperties) = preSolution
		HideSolutionNode = FALSE
	EndGlobalSection
	GlobalSection(ExtensibilityGlobals) = postSolution
		SolutionGuid = {5345BDAC-B8CB-4333-BFA1-837CB885E766}
	EndGlobalSection
EndGlobal
